
Microsoft Visual Studio Solution File, Format Version 12.00
# Visual Studio 15
VisualStudioVersion = 15.0.27703.2047
MinimumVisualStudioVersion = 10.0.40219.1
Project("{FAE04EC0-301F-11D3-BF4B-00C04F79EFBC}") = "WebApplication2", "WebApplication2\WebApplication2.csproj", "{8E25DACE-0BCA-4522-802F-811F117F244E}"
EndProject
Project("{FAE04EC0-301F-11D3-BF4B-00C04F79EFBC}") = "Database", "Database\Database.csproj", "{AE65281B-7826-4B6B-B9A6-084DC003D8AD}"
EndProject
Global
	GlobalSection(SolutionConfigurationPlatforms) = preSolution
		Debug|Any CPU = Debug|Any CPU
		Release|Any CPU = Release|Any CPU
	EndGlobalSection
	GlobalSection(ProjectConfigurationPlatforms) = postSolution
		{8E25DACE-0BCA-4522-802F-811F117F244E}.Debug|Any CPU.ActiveCfg = Debug|Any CPU
		{8E25DACE-0BCA-4522-802F-811F117F244E}.Debug|Any CPU.Build.0 = Debug|Any CPU
		{8E25DACE-0BCA-4522-802F-811F117F244E}.Release|Any CPU.ActiveCfg = Release|Any CPU
		{8E25DACE-0BCA-4522-802F-811F117F244E}.Release|Any CPU.Build.0 = Release|Any CPU
		{AE65281B-7826-4B6B-B9A6-084DC003D8AD}.Debug|Any CPU.ActiveCfg = Debug|Any CPU
		{AE65281B-7826-4B6B-B9A6-084DC003D8AD}.Debug|Any CPU.Build.0 = Debug|Any CPU
		{AE65281B-7826-4B6B-B9A6-084DC003D8AD}.Release|Any CPU.ActiveCfg = Release|Any CPU
		{AE65281B-7826-4B6B-B9A6-084DC003D8AD}.Release|Any CPU.Build.0 = Release|Any CPU
	EndGlobalSection
	GlobalSection(SolutionProperties) = preSolution
		HideSolutionNode = FALSE
	EndGlobalSection
	GlobalSection(ExtensibilityGlobals) = postSolution
		SolutionGuid = {373F570B-1381-40B0-9A0B-120DFE56DC08}
	EndGlobalSection
EndGlobal
